
Microsoft Visual Studio Solution File, Format Version 12.00
# Visual Studio Version 17
VisualStudioVersion = 17.12.35527.113 d17.12
MinimumVisualStudioVersion = 10.0.40219.1
Project("{FAE04EC0-301F-11D3-BF4B-00C04F79EFBC}") = "NHL_UI", "NHL_UI.csproj", "{F4CE1A41-5E1D-4BB7-A84B-C32777D51B0B}"
EndProject
Project("{FAE04EC0-301F-11D3-BF4B-00C04F79EFBC}") = "NHL_API", "..\NHL_API\NHL_API.csproj", "{B214A8A3-6E66-48C5-AD30-13648E27A9D9}"
EndProject
Global
	GlobalSection(SolutionConfigurationPlatforms) = preSolution
		Debug|Any CPU = Debug|Any CPU
		Release|Any CPU = Release|Any CPU
	EndGlobalSection
	GlobalSection(ProjectConfigurationPlatforms) = postSolution
		{F4CE1A41-5E1D-4BB7-A84B-C32777D51B0B}.Debug|Any CPU.ActiveCfg = Debug|Any CPU
		{F4CE1A41-5E1D-4BB7-A84B-C32777D51B0B}.Debug|Any CPU.Build.0 = Debug|Any CPU
		{F4CE1A41-5E1D-4BB7-A84B-C32777D51B0B}.Release|Any CPU.ActiveCfg = Release|Any CPU
		{F4CE1A41-5E1D-4BB7-A84B-C32777D51B0B}.Release|Any CPU.Build.0 = Release|Any CPU
		{B214A8A3-6E66-48C5-AD30-13648E27A9D9}.Debug|Any CPU.ActiveCfg = Debug|Any CPU
		{B214A8A3-6E66-48C5-AD30-13648E27A9D9}.Debug|Any CPU.Build.0 = Debug|Any CPU
		{B214A8A3-6E66-48C5-AD30-13648E27A9D9}.Release|Any CPU.ActiveCfg = Release|Any CPU
		{B214A8A3-6E66-48C5-AD30-13648E27A9D9}.Release|Any CPU.Build.0 = Release|Any CPU
	EndGlobalSection
	GlobalSection(SolutionProperties) = preSolution
		HideSolutionNode = FALSE
	EndGlobalSection
EndGlobal
